// !$*UTF8*$!
{
	archiveVersion = 1;
	classes = {
	};
	objectVersion = 46;
	objects = {

/* Begin PBXBuildFile section */
		845425481F05DB98003B86B2 /* GDBankKeyboardView.m in Sources */ = {isa = PBXBuildFile; fileRef = 845425471F05DB98003B86B2 /* GDBankKeyboardView.m */; };
		8454254C1F05E114003B86B2 /* KeyBoardNumberView.m in Sources */ = {isa = PBXBuildFile; fileRef = 8454254B1F05E114003B86B2 /* KeyBoardNumberView.m */; };
		8454254F1F05E144003B86B2 /* KeyBoardSymbolView.m in Sources */ = {isa = PBXBuildFile; fileRef = 8454254E1F05E144003B86B2 /* KeyBoardSymbolView.m */; };
		845425521F05E172003B86B2 /* KeyBoardCharView.m in Sources */ = {isa = PBXBuildFile; fileRef = 845425511F05E172003B86B2 /* KeyBoardCharView.m */; };
		8476F5141F04DBFD0048CAC3 /* main.m in Sources */ = {isa = PBXBuildFile; fileRef = 8476F5131F04DBFD0048CAC3 /* main.m */; };
		8476F5171F04DBFD0048CAC3 /* AppDelegate.m in Sources */ = {isa = PBXBuildFile; fileRef = 8476F5161F04DBFD0048CAC3 /* AppDelegate.m */; };
		8476F51A1F04DBFD0048CAC3 /* ViewController.m in Sources */ = {isa = PBXBuildFile; fileRef = 8476F5191F04DBFD0048CAC3 /* ViewController.m */; };
		8476F51D1F04DBFD0048CAC3 /* Main.storyboard in Resources */ = {isa = PBXBuildFile; fileRef = 8476F51B1F04DBFD0048CAC3 /* Main.storyboard */; };
		8476F51F1F04DBFD0048CAC3 /* Assets.xcassets in Resources */ = {isa = PBXBuildFile; fileRef = 8476F51E1F04DBFD0048CAC3 /* Assets.xcassets */; };
		8476F5221F04DBFD0048CAC3 /* LaunchScreen.storyboard in Resources */ = {isa = PBXBuildFile; fileRef = 8476F5201F04DBFD0048CAC3 /* LaunchScreen.storyboard */; };
		8476F52D1F04DBFD0048CAC3 /* RunViewTests.m in Sources */ = {isa = PBXBuildFile; fileRef = 8476F52C1F04DBFD0048CAC3 /* RunViewTests.m */; };
		8476F5381F04DBFD0048CAC3 /* RunViewUITests.m in Sources */ = {isa = PBXBuildFile; fileRef = 8476F5371F04DBFD0048CAC3 /* RunViewUITests.m */; };
		8476F5481F04DC390048CAC3 /* VerRunView.m in Sources */ = {isa = PBXBuildFile; fileRef = 8476F5471F04DC390048CAC3 /* VerRunView.m */; };
		8476F5541F04EB390048CAC3 /* SignView.m in Sources */ = {isa = PBXBuildFile; fileRef = 8476F5531F04EB390048CAC3 /* SignView.m */; };
/* End PBXBuildFile section */

/* Begin PBXContainerItemProxy section */
		8476F5291F04DBFD0048CAC3 /* PBXContainerItemProxy */ = {
			isa = PBXContainerItemProxy;
			containerPortal = 8476F5071F04DBFD0048CAC3 /* Project object */;
			proxyType = 1;
			remoteGlobalIDString = 8476F50E1F04DBFD0048CAC3;
			remoteInfo = RunView;
		};
		8476F5341F04DBFD0048CAC3 /* PBXContainerItemProxy */ = {
			isa = PBXContainerItemProxy;
			containerPortal = 8476F5071F04DBFD0048CAC3 /* Project object */;
			proxyType = 1;
			remoteGlobalIDString = 8476F50E1F04DBFD0048CAC3;
			remoteInfo = RunView;
		};
/* End PBXContainerItemProxy section */

/* Begin PBXFileReference section */
		845425461F05DB98003B86B2 /* GDBankKeyboardView.h */ = {isa = PBXFileReference; fileEncoding = 4; lastKnownFileType = sourcecode.c.h; path = GDBankKeyboardView.h; sourceTree = "<group>"; };
		845425471F05DB98003B86B2 /* GDBankKeyboardView.m */ = {isa = PBXFileReference; fileEncoding = 4; lastKnownFileType = sourcecode.c.objc; path = GDBankKeyboardView.m; sourceTree = "<group>"; };
		8454254A1F05E114003B86B2 /* KeyBoardNumberView.h */ = {isa = PBXFileReference; fileEncoding = 4; lastKnownFileType = sourcecode.c.h; path = KeyBoardNumberView.h; sourceTree = "<group>"; };
		8454254B1F05E114003B86B2 /* KeyBoardNumberView.m */ = {isa = PBXFileReference; fileEncoding = 4; lastKnownFileType = sourcecode.c.objc; path = KeyBoardNumberView.m; sourceTree = "<group>"; };
		8454254D1F05E144003B86B2 /* KeyBoardSymbolView.h */ = {isa = PBXFileReference; fileEncoding = 4; lastKnownFileType = sourcecode.c.h; path = KeyBoardSymbolView.h; sourceTree = "<group>"; };
		8454254E1F05E144003B86B2 /* KeyBoardSymbolView.m */ = {isa = PBXFileReference; fileEncoding = 4; lastKnownFileType = sourcecode.c.objc; path = KeyBoardSymbolView.m; sourceTree = "<group>"; };
		845425501F05E172003B86B2 /* KeyBoardCharView.h */ = {isa = PBXFileReference; fileEncoding = 4; lastKnownFileType = sourcecode.c.h; path = KeyBoardCharView.h; sourceTree = "<group>"; };
		845425511F05E172003B86B2 /* KeyBoardCharView.m */ = {isa = PBXFileReference; fileEncoding = 4; lastKnownFileType = sourcecode.c.objc; path = KeyBoardCharView.m; sourceTree = "<group>"; };
		8476F50F1F04DBFD0048CAC3 /* RunView.app */ = {isa = PBXFileReference; explicitFileType = wrapper.application; includeInIndex = 0; path = RunView.app; sourceTree = BUILT_PRODUCTS_DIR; };
		8476F5131F04DBFD0048CAC3 /* main.m */ = {isa = PBXFileReference; lastKnownFileType = sourcecode.c.objc; path = main.m; sourceTree = "<group>"; };
		8476F5151F04DBFD0048CAC3 /* AppDelegate.h */ = {isa = PBXFileReference; lastKnownFileType = sourcecode.c.h; path = AppDelegate.h; sourceTree = "<group>"; };
		8476F5161F04DBFD0048CAC3 /* AppDelegate.m */ = {isa = PBXFileReference; lastKnownFileType = sourcecode.c.objc; path = AppDelegate.m; sourceTree = "<group>"; };
		8476F5181F04DBFD0048CAC3 /* ViewController.h */ = {isa = PBXFileReference; lastKnownFileType = sourcecode.c.h; path = ViewController.h; sourceTree = "<group>"; };
		8476F5191F04DBFD0048CAC3 /* ViewController.m */ = {isa = PBXFileReference; lastKnownFileType = sourcecode.c.objc; path = ViewController.m; sourceTree = "<group>"; };
		8476F51C1F04DBFD0048CAC3 /* Base */ = {isa = PBXFileReference; lastKnownFileType = file.storyboard; name = Base; path = Base.lproj/Main.storyboard; sourceTree = "<group>"; };
		8476F51E1F04DBFD0048CAC3 /* Assets.xcassets */ = {isa = PBXFileReference; lastKnownFileType = folder.assetcatalog; path = Assets.xcassets; sourceTree = "<group>"; };
		8476F5211F04DBFD0048CAC3 /* Base */ = {isa = PBXFileReference; lastKnownFileType = file.storyboard; name = Base; path = Base.lproj/LaunchScreen.storyboard; sourceTree = "<group>"; };
		8476F5231F04DBFD0048CAC3 /* Info.plist */ = {isa = PBXFileReference; lastKnownFileType = text.plist.xml; path = Info.plist; sourceTree = "<group>"; };
		8476F5281F04DBFD0048CAC3 /* RunViewTests.xctest */ = {isa = PBXFileReference; explicitFileType = wrapper.cfbundle; includeInIndex = 0; path = RunViewTests.xctest; sourceTree = BUILT_PRODUCTS_DIR; };
		8476F52C1F04DBFD0048CAC3 /* RunViewTests.m */ = {isa = PBXFileReference; lastKnownFileType = sourcecode.c.objc; path = RunViewTests.m; sourceTree = "<group>"; };
		8476F52E1F04DBFD0048CAC3 /* Info.plist */ = {isa = PBXFileReference; lastKnownFileType = text.plist.xml; path = Info.plist; sourceTree = "<group>"; };
		8476F5331F04DBFD0048CAC3 /* RunViewUITests.xctest */ = {isa = PBXFileReference; explicitFileType = wrapper.cfbundle; includeInIndex = 0; path = RunViewUITests.xctest; sourceTree = BUILT_PRODUCTS_DIR; };
		8476F5371F04DBFD0048CAC3 /* RunViewUITests.m */ = {isa = PBXFileReference; lastKnownFileType = sourcecode.c.objc; path = RunViewUITests.m; sourceTree = "<group>"; };
		8476F5391F04DBFD0048CAC3 /* Info.plist */ = {isa = PBXFileReference; lastKnownFileType = text.plist.xml; path = Info.plist; sourceTree = "<group>"; };
		8476F5461F04DC390048CAC3 /* VerRunView.h */ = {isa = PBXFileReference; fileEncoding = 4; lastKnownFileType = sourcecode.c.h; path = VerRunView.h; sourceTree = "<group>"; };
		8476F5471F04DC390048CAC3 /* VerRunView.m */ = {isa = PBXFileReference; fileEncoding = 4; lastKnownFileType = sourcecode.c.objc; path = VerRunView.m; sourceTree = "<group>"; };
		8476F5521F04EB390048CAC3 /* SignView.h */ = {isa = PBXFileReference; fileEncoding = 4; lastKnownFileType = sourcecode.c.h; path = SignView.h; sourceTree = "<group>"; };
		8476F5531F04EB390048CAC3 /* SignView.m */ = {isa = PBXFileReference; fileEncoding = 4; lastKnownFileType = sourcecode.c.objc; path = SignView.m; sourceTree = "<group>"; };
/* End PBXFileReference section */

/* Begin PBXFrameworksBuildPhase section */
		8476F50C1F04DBFD0048CAC3 /* Frameworks */ = {
			isa = PBXFrameworksBuildPhase;
			buildActionMask = 2147483647;
			files = (
			);
			runOnlyForDeploymentPostprocessing = 0;
		};
		8476F5251F04DBFD0048CAC3 /* Frameworks */ = {
			isa = PBXFrameworksBuildPhase;
			buildActionMask = 2147483647;
			files = (
			);
			runOnlyForDeploymentPostprocessing = 0;
		};
		8476F5301F04DBFD0048CAC3 /* Frameworks */ = {
			isa = PBXFrameworksBuildPhase;
			buildActionMask = 2147483647;
			files = (
			);
			runOnlyForDeploymentPostprocessing = 0;
		};
/* End PBXFrameworksBuildPhase section */

/* Begin PBXGroup section */
		845425451F05DB63003B86B2 /* GDBankKeyboard */ = {
			isa = PBXGroup;
			children = (
				845425491F05E0E3003B86B2 /* KeyBoardView */,
				845425461F05DB98003B86B2 /* GDBankKeyboardView.h */,
				845425471F05DB98003B86B2 /* GDBankKeyboardView.m */,
			);
			path = GDBankKeyboard;
			sourceTree = "<group>";
		};
		845425491F05E0E3003B86B2 /* KeyBoardView */ = {
			isa = PBXGroup;
			children = (
				8454254A1F05E114003B86B2 /* KeyBoardNumberView.h */,
				8454254B1F05E114003B86B2 /* KeyBoardNumberView.m */,
				8454254D1F05E144003B86B2 /* KeyBoardSymbolView.h */,
				8454254E1F05E144003B86B2 /* KeyBoardSymbolView.m */,
				845425501F05E172003B86B2 /* KeyBoardCharView.h */,
				845425511F05E172003B86B2 /* KeyBoardCharView.m */,
			);
			path = KeyBoardView;
			sourceTree = "<group>";
		};
		8476F5061F04DBFD0048CAC3 = {
			isa = PBXGroup;
			children = (
				845425451F05DB63003B86B2 /* GDBankKeyboard */,
				8476F5511F04EB1F0048CAC3 /* SignView */,
				8476F5451F04DC390048CAC3 /* RunVerView */,
				8476F5111F04DBFD0048CAC3 /* RunView */,
				8476F52B1F04DBFD0048CAC3 /* RunViewTests */,
				8476F5361F04DBFD0048CAC3 /* RunViewUITests */,
				8476F5101F04DBFD0048CAC3 /* Products */,
			);
			sourceTree = "<group>";
		};
		8476F5101F04DBFD0048CAC3 /* Products */ = {
			isa = PBXGroup;
			children = (
				8476F50F1F04DBFD0048CAC3 /* RunView.app */,
				8476F5281F04DBFD0048CAC3 /* RunViewTests.xctest */,
				8476F5331F04DBFD0048CAC3 /* RunViewUITests.xctest */,
			);
			name = Products;
			sourceTree = "<group>";
		};
		8476F5111F04DBFD0048CAC3 /* RunView */ = {
			isa = PBXGroup;
			children = (
				8476F5151F04DBFD0048CAC3 /* AppDelegate.h */,
				8476F5161F04DBFD0048CAC3 /* AppDelegate.m */,
				8476F5181F04DBFD0048CAC3 /* ViewController.h */,
				8476F5191F04DBFD0048CAC3 /* ViewController.m */,
				8476F51B1F04DBFD0048CAC3 /* Main.storyboard */,
				8476F51E1F04DBFD0048CAC3 /* Assets.xcassets */,
				8476F5201F04DBFD0048CAC3 /* LaunchScreen.storyboard */,
				8476F5231F04DBFD0048CAC3 /* Info.plist */,
				8476F5121F04DBFD0048CAC3 /* Supporting Files */,
			);
			path = RunView;
			sourceTree = "<group>";
		};
		8476F5121F04DBFD0048CAC3 /* Supporting Files */ = {
			isa = PBXGroup;
			children = (
				8476F5131F04DBFD0048CAC3 /* main.m */,
			);
			name = "Supporting Files";
			sourceTree = "<group>";
		};
		8476F52B1F04DBFD0048CAC3 /* RunViewTests */ = {
			isa = PBXGroup;
			children = (
				8476F52C1F04DBFD0048CAC3 /* RunViewTests.m */,
				8476F52E1F04DBFD0048CAC3 /* Info.plist */,
			);
			path = RunViewTests;
			sourceTree = "<group>";
		};
		8476F5361F04DBFD0048CAC3 /* RunViewUITests */ = {
			isa = PBXGroup;
			children = (
				8476F5371F04DBFD0048CAC3 /* RunViewUITests.m */,
				8476F5391F04DBFD0048CAC3 /* Info.plist */,
			);
			path = RunViewUITests;
			sourceTree = "<group>";
		};
		8476F5451F04DC390048CAC3 /* RunVerView */ = {
			isa = PBXGroup;
			children = (
				8476F5461F04DC390048CAC3 /* VerRunView.h */,
				8476F5471F04DC390048CAC3 /* VerRunView.m */,
			);
			path = RunVerView;
			sourceTree = SOURCE_ROOT;
		};
		8476F5511F04EB1F0048CAC3 /* SignView */ = {
			isa = PBXGroup;
			children = (
				8476F5521F04EB390048CAC3 /* SignView.h */,
				8476F5531F04EB390048CAC3 /* SignView.m */,
			);
			path = SignView;
			sourceTree = "<group>";
		};
/* End PBXGroup section */

/* Begin PBXNativeTarget section */
		8476F50E1F04DBFD0048CAC3 /* RunView */ = {
			isa = PBXNativeTarget;
			buildConfigurationList = 8476F53C1F04DBFD0048CAC3 /* Build configuration list for PBXNativeTarget "RunView" */;
			buildPhases = (
				8476F50B1F04DBFD0048CAC3 /* Sources */,
				8476F50C1F04DBFD0048CAC3 /* Frameworks */,
				8476F50D1F04DBFD0048CAC3 /* Resources */,
			);
			buildRules = (
			);
			dependencies = (
			);
			name = RunView;
			productName = RunView;
			productReference = 8476F50F1F04DBFD0048CAC3 /* RunView.app */;
			productType = "com.apple.product-type.application";
		};
		8476F5271F04DBFD0048CAC3 /* RunViewTests */ = {
			isa = PBXNativeTarget;
			buildConfigurationList = 8476F53F1F04DBFD0048CAC3 /* Build configuration list for PBXNativeTarget "RunViewTests" */;
			buildPhases = (
				8476F5241F04DBFD0048CAC3 /* Sources */,
				8476F5251F04DBFD0048CAC3 /* Frameworks */,
				8476F5261F04DBFD0048CAC3 /* Resources */,
			);
			buildRules = (
			);
			dependencies = (
				8476F52A1F04DBFD0048CAC3 /* PBXTargetDependency */,
			);
			name = RunViewTests;
			productName = RunViewTests;
			productReference = 8476F5281F04DBFD0048CAC3 /* RunViewTests.xctest */;
			productType = "com.apple.product-type.bundle.unit-test";
		};
		8476F5321F04DBFD0048CAC3 /* RunViewUITests */ = {
			isa = PBXNativeTarget;
			buildConfigurationList = 8476F5421F04DBFD0048CAC3 /* Build configuration list for PBXNativeTarget "RunViewUITests" */;
			buildPhases = (
				8476F52F1F04DBFD0048CAC3 /* Sources */,
				8476F5301F04DBFD0048CAC3 /* Frameworks */,
				8476F5311F04DBFD0048CAC3 /* Resources */,
			);
			buildRules = (
			);
			dependencies = (
				8476F5351F04DBFD0048CAC3 /* PBXTargetDependency */,
			);
			name = RunViewUITests;
			productName = RunViewUITests;
			productReference = 8476F5331F04DBFD0048CAC3 /* RunViewUITests.xctest */;
			productType = "com.apple.product-type.bundle.ui-testing";
		};
/* End PBXNativeTarget section */

/* Begin PBXProject section */
		8476F5071F04DBFD0048CAC3 /* Project object */ = {
			isa = PBXProject;
			attributes = {
				LastUpgradeCheck = 0720;
				ORGANIZATIONNAME = "光大银行";
				TargetAttributes = {
					8476F50E1F04DBFD0048CAC3 = {
						CreatedOnToolsVersion = 7.2;
					};
					8476F5271F04DBFD0048CAC3 = {
						CreatedOnToolsVersion = 7.2;
						TestTargetID = 8476F50E1F04DBFD0048CAC3;
					};
					8476F5321F04DBFD0048CAC3 = {
						CreatedOnToolsVersion = 7.2;
						TestTargetID = 8476F50E1F04DBFD0048CAC3;
					};
				};
			};
			buildConfigurationList = 8476F50A1F04DBFD0048CAC3 /* Build configuration list for PBXProject "RunView" */;
			compatibilityVersion = "Xcode 3.2";
			developmentRegion = English;
			hasScannedForEncodings = 0;
			knownRegions = (
				en,
				Base,
			);
			mainGroup = 8476F5061F04DBFD0048CAC3;
			productRefGroup = 8476F5101F04DBFD0048CAC3 /* Products */;
			projectDirPath = "";
			projectRoot = "";
			targets = (
				8476F50E1F04DBFD0048CAC3 /* RunView */,
				8476F5271F04DBFD0048CAC3 /* RunViewTests */,
				8476F5321F04DBFD0048CAC3 /* RunViewUITests */,
			);
		};
/* End PBXProject section */

/* Begin PBXResourcesBuildPhase section */
		8476F50D1F04DBFD0048CAC3 /* Resources */ = {
			isa = PBXResourcesBuildPhase;
			buildActionMask = 2147483647;
			files = (
				8476F5221F04DBFD0048CAC3 /* LaunchScreen.storyboard in Resources */,
				8476F51F1F04DBFD0048CAC3 /* Assets.xcassets in Resources */,
				8476F51D1F04DBFD0048CAC3 /* Main.storyboard in Resources */,
			);
			runOnlyForDeploymentPostprocessing = 0;
		};
		8476F5261F04DBFD0048CAC3 /* Resources */ = {
			isa = PBXResourcesBuildPhase;
			buildActionMask = 2147483647;
			files = (
			);
			runOnlyForDeploymentPostprocessing = 0;
		};
		8476F5311F04DBFD0048CAC3 /* Resources */ = {
			isa = PBXResourcesBuildPhase;
			buildActionMask = 2147483647;
			files = (
			);
			runOnlyForDeploymentPostprocessing = 0;
		};
/* End PBXResourcesBuildPhase section */

/* Begin PBXSourcesBuildPhase section */
		8476F50B1F04DBFD0048CAC3 /* Sources */ = {
			isa = PBXSourcesBuildPhase;
			buildActionMask = 2147483647;
			files = (
				845425481F05DB98003B86B2 /* GDBankKeyboardView.m in Sources */,
				8454254F1F05E144003B86B2 /* KeyBoardSymbolView.m in Sources */,
				8454254C1F05E114003B86B2 /* KeyBoardNumberView.m in Sources */,
				845425521F05E172003B86B2 /* KeyBoardCharView.m in Sources */,
				8476F5481F04DC390048CAC3 /* VerRunView.m in Sources */,
				8476F51A1F04DBFD0048CAC3 /* ViewController.m in Sources */,
				8476F5541F04EB390048CAC3 /* SignView.m in Sources */,
				8476F5171F04DBFD0048CAC3 /* AppDelegate.m in Sources */,
				8476F5141F04DBFD0048CAC3 /* main.m in Sources */,
			);
			runOnlyForDeploymentPostprocessing = 0;
		};
		8476F5241F04DBFD0048CAC3 /* Sources */ = {
			isa = PBXSourcesBuildPhase;
			buildActionMask = 2147483647;
			files = (
				8476F52D1F04DBFD0048CAC3 /* RunViewTests.m in Sources */,
			);
			runOnlyForDeploymentPostprocessing = 0;
		};
		8476F52F1F04DBFD0048CAC3 /* Sources */ = {
			isa = PBXSourcesBuildPhase;
			buildActionMask = 2147483647;
			files = (
				8476F5381F04DBFD0048CAC3 /* RunViewUITests.m in Sources */,
			);
			runOnlyForDeploymentPostprocessing = 0;
		};
/* End PBXSourcesBuildPhase section */

/* Begin PBXTargetDependency section */
		8476F52A1F04DBFD0048CAC3 /* PBXTargetDependency */ = {
			isa = PBXTargetDependency;
			target = 8476F50E1F04DBFD0048CAC3 /* RunView */;
			targetProxy = 8476F5291F04DBFD0048CAC3 /* PBXContainerItemProxy */;
		};
		8476F5351F04DBFD0048CAC3 /* PBXTargetDependency */ = {
			isa = PBXTargetDependency;
			target = 8476F50E1F04DBFD0048CAC3 /* RunView */;
			targetProxy = 8476F5341F04DBFD0048CAC3 /* PBXContainerItemProxy */;
		};
/* End PBXTargetDependency section */

/* Begin PBXVariantGroup section */
		8476F51B1F04DBFD0048CAC3 /* Main.storyboard */ = {
			isa = PBXVariantGroup;
			children = (
				8476F51C1F04DBFD0048CAC3 /* Base */,
			);
			name = Main.storyboard;
			sourceTree = "<group>";
		};
		8476F5201F04DBFD0048CAC3 /* LaunchScreen.storyboard */ = {
			isa = PBXVariantGroup;
			children = (
				8476F5211F04DBFD0048CAC3 /* Base */,
			);
			name = LaunchScreen.storyboard;
			sourceTree = "<group>";
		};
/* End PBXVariantGroup section */

/* Begin XCBuildConfiguration section */
		8476F53A1F04DBFD0048CAC3 /* Debug */ = {
			isa = XCBuildConfiguration;
			buildSettings = {
				ALWAYS_SEARCH_USER_PATHS = NO;
				CLANG_CXX_LANGUAGE_STANDARD = "gnu++0x";
				CLANG_CXX_LIBRARY = "libc++";
				CLANG_ENABLE_MODULES = YES;
				CLANG_ENABLE_OBJC_ARC = YES;
				CLANG_WARN_BOOL_CONVERSION = YES;
				CLANG_WARN_CONSTANT_CONVERSION = YES;
				CLANG_WARN_DIRECT_OBJC_ISA_USAGE = YES_ERROR;
				CLANG_WARN_EMPTY_BODY = YES;
				CLANG_WARN_ENUM_CONVERSION = YES;
				CLANG_WARN_INT_CONVERSION = YES;
				CLANG_WARN_OBJC_ROOT_CLASS = YES_ERROR;
				CLANG_WARN_UNREACHABLE_CODE = YES;
				CLANG_WARN__DUPLICATE_METHOD_MATCH = YES;
				"CODE_SIGN_IDENTITY[sdk=iphoneos*]" = "iPhone Developer";
				COPY_PHASE_STRIP = NO;
				DEBUG_INFORMATION_FORMAT = dwarf;
				ENABLE_STRICT_OBJC_MSGSEND = YES;
				ENABLE_TESTABILITY = YES;
				GCC_C_LANGUAGE_STANDARD = gnu99;
				GCC_DYNAMIC_NO_PIC = NO;
				GCC_NO_COMMON_BLOCKS = YES;
				GCC_OPTIMIZATION_LEVEL = 0;
				GCC_PREPROCESSOR_DEFINITIONS = (
					"DEBUG=1",
					"$(inherited)",
				);
				GCC_WARN_64_TO_32_BIT_CONVERSION = YES;
				GCC_WARN_ABOUT_RETURN_TYPE = YES_ERROR;
				GCC_WARN_UNDECLARED_SELECTOR = YES;
				GCC_WARN_UNINITIALIZED_AUTOS = YES_AGGRESSIVE;
				GCC_WARN_UNUSED_FUNCTION = YES;
				GCC_WARN_UNUSED_VARIABLE = YES;
				IPHONEOS_DEPLOYMENT_TARGET = 9.2;
				MTL_ENABLE_DEBUG_INFO = YES;
				ONLY_ACTIVE_ARCH = YES;
				SDKROOT = iphoneos;
				TARGETED_DEVICE_FAMILY = "1,2";
			};
			name = Debug;
		};
		8476F53B1F04DBFD0048CAC3 /* Release */ = {
			isa = XCBuildConfiguration;
			buildSettings = {
				ALWAYS_SEARCH_USER_PATHS = NO;
				CLANG_CXX_LANGUAGE_STANDARD = "gnu++0x";
				CLANG_CXX_LIBRARY = "libc++";
				CLANG_ENABLE_MODULES = YES;
				CLANG_ENABLE_OBJC_ARC = YES;
				CLANG_WARN_BOOL_CONVERSION = YES;
				CLANG_WARN_CONSTANT_CONVERSION = YES;
				CLANG_WARN_DIRECT_OBJC_ISA_USAGE = YES_ERROR;
				CLANG_WARN_EMPTY_BODY = YES;
				CLANG_WARN_ENUM_CONVERSION = YES;
				CLANG_WARN_INT_CONVERSION = YES;
				CLANG_WARN_OBJC_ROOT_CLASS = YES_ERROR;
				CLANG_WARN_UNREACHABLE_CODE = YES;
				CLANG_WARN__DUPLICATE_METHOD_MATCH = YES;
				"CODE_SIGN_IDENTITY[sdk=iphoneos*]" = "iPhone Developer";
				COPY_PHASE_STRIP = NO;
				DEBUG_INFORMATION_FORMAT = "dwarf-with-dsym";
				ENABLE_NS_ASSERTIONS = NO;
				ENABLE_STRICT_OBJC_MSGSEND = YES;
				GCC_C_LANGUAGE_STANDARD = gnu99;
				GCC_NO_COMMON_BLOCKS = YES;
				GCC_WARN_64_TO_32_BIT_CONVERSION = YES;
				GCC_WARN_ABOUT_RETURN_TYPE = YES_ERROR;
				GCC_WARN_UNDECLARED_SELECTOR = YES;
				GCC_WARN_UNINITIALIZED_AUTOS = YES_AGGRESSIVE;
				GCC_WARN_UNUSED_FUNCTION = YES;
				GCC_WARN_UNUSED_VARIABLE = YES;
				IPHONEOS_DEPLOYMENT_TARGET = 9.2;
				MTL_ENABLE_DEBUG_INFO = NO;
				SDKROOT = iphoneos;
				TARGETED_DEVICE_FAMILY = "1,2";
				VALIDATE_PRODUCT = YES;
			};
			name = Release;
		};
		8476F53D1F04DBFD0048CAC3 /* Debug */ = {
			isa = XCBuildConfiguration;
			buildSettings = {
				ASSETCATALOG_COMPILER_APPICON_NAME = AppIcon;
				INFOPLIST_FILE = RunView/Info.plist;
				IPHONEOS_DEPLOYMENT_TARGET = 8.0;
				LD_RUNPATH_SEARCH_PATHS = "$(inherited) @executable_path/Frameworks";
				PRODUCT_BUNDLE_IDENTIFIER = com.GDBank.company.RunView;
				PRODUCT_NAME = "$(TARGET_NAME)";
			};
			name = Debug;
		};
		8476F53E1F04DBFD0048CAC3 /* Release */ = {
			isa = XCBuildConfiguration;
			buildSettings = {
				ASSETCATALOG_COMPILER_APPICON_NAME = AppIcon;
				INFOPLIST_FILE = RunView/Info.plist;
				IPHONEOS_DEPLOYMENT_TARGET = 8.0;
				LD_RUNPATH_SEARCH_PATHS = "$(inherited) @executable_path/Frameworks";
				PRODUCT_BUNDLE_IDENTIFIER = com.GDBank.company.RunView;
				PRODUCT_NAME = "$(TARGET_NAME)";
			};
			name = Release;
		};
		8476F5401F04DBFD0048CAC3 /* Debug */ = {
			isa = XCBuildConfiguration;
			buildSettings = {
				BUNDLE_LOADER = "$(TEST_HOST)";
				INFOPLIST_FILE = RunViewTests/Info.plist;
				LD_RUNPATH_SEARCH_PATHS = "$(inherited) @executable_path/Frameworks @loader_path/Frameworks";
				PRODUCT_BUNDLE_IDENTIFIER = com.GDBank.company.RunViewTests;
				PRODUCT_NAME = "$(TARGET_NAME)";
				TEST_HOST = "$(BUILT_PRODUCTS_DIR)/RunView.app/RunView";
			};
			name = Debug;
		};
		8476F5411F04DBFD0048CAC3 /* Release */ = {
			isa = XCBuildConfiguration;
			buildSettings = {
				BUNDLE_LOADER = "$(TEST_HOST)";
				INFOPLIST_FILE = RunViewTests/Info.plist;
				LD_RUNPATH_SEARCH_PATHS = "$(inherited) @executable_path/Frameworks @loader_path/Frameworks";
				PRODUCT_BUNDLE_IDENTIFIER = com.GDBank.company.RunViewTests;
				PRODUCT_NAME = "$(TARGET_NAME)";
				TEST_HOST = "$(BUILT_PRODUCTS_DIR)/RunView.app/RunView";
			};
			name = Release;
		};
		8476F5431F04DBFD0048CAC3 /* Debug */ = {
			isa = XCBuildConfiguration;
			buildSettings = {
				INFOPLIST_FILE = RunViewUITests/Info.plist;
				LD_RUNPATH_SEARCH_PATHS = "$(inherited) @executable_path/Frameworks @loader_path/Frameworks";
				PRODUCT_BUNDLE_IDENTIFIER = com.GDBank.company.RunViewUITests;
				PRODUCT_NAME = "$(TARGET_NAME)";
				TEST_TARGET_NAME = RunView;
				USES_XCTRUNNER = YES;
			};
			name = Debug;
		};
		8476F5441F04DBFD0048CAC3 /* Release */ = {
			isa = XCBuildConfiguration;
			buildSettings = {
				INFOPLIST_FILE = RunViewUITests/Info.plist;
				LD_RUNPATH_SEARCH_PATHS = "$(inherited) @executable_path/Frameworks @loader_path/Frameworks";
				PRODUCT_BUNDLE_IDENTIFIER = com.GDBank.company.RunViewUITests;
				PRODUCT_NAME = "$(TARGET_NAME)";
				TEST_TARGET_NAME = RunView;
				USES_XCTRUNNER = YES;
			};
			name = Release;
		};
/* End XCBuildConfiguration section */

/* Begin XCConfigurationList section */
		8476F50A1F04DBFD0048CAC3 /* Build configuration list for PBXProject "RunView" */ = {
			isa = XCConfigurationList;
			buildConfigurations = (
				8476F53A1F04DBFD0048CAC3 /* Debug */,
				8476F53B1F04DBFD0048CAC3 /* Release */,
			);
			defaultConfigurationIsVisible = 0;
			defaultConfigurationName = Release;
		};
		8476F53C1F04DBFD0048CAC3 /* Build configuration list for PBXNativeTarget "RunView" */ = {
			isa = XCConfigurationList;
			buildConfigurations = (
				8476F53D1F04DBFD0048CAC3 /* Debug */,
				8476F53E1F04DBFD0048CAC3 /* Release */,
			);
			defaultConfigurationIsVisible = 0;
			defaultConfigurationName = Release;
		};
		8476F53F1F04DBFD0048CAC3 /* Build configuration list for PBXNativeTarget "RunViewTests" */ = {
			isa = XCConfigurationList;
			buildConfigurations = (
				8476F5401F04DBFD0048CAC3 /* Debug */,
				8476F5411F04DBFD0048CAC3 /* Release */,
			);
			defaultConfigurationIsVisible = 0;
			defaultConfigurationName = Release;
		};
		8476F5421F04DBFD0048CAC3 /* Build configuration list for PBXNativeTarget "RunViewUITests" */ = {
			isa = XCConfigurationList;
			buildConfigurations = (
				8476F5431F04DBFD0048CAC3 /* Debug */,
				8476F5441F04DBFD0048CAC3 /* Release */,
			);
			defaultConfigurationIsVisible = 0;
			defaultConfigurationName = Release;
		};
/* End XCConfigurationList section */
	};
	rootObject = 8476F5071F04DBFD0048CAC3 /* Project object */;
}
